<?xml version="1.0" encoding="utf-8"?>
<Project ToolsVersion="4.0" xmlns="http://schemas.microsoft.com/developer/msbuild/2003">
  <ItemGroup>
    <FxCompile Include="Resources\shaders\BasicPS.hlsl" />
    <FxCompile Include="Resources\shaders\BasicVS.hlsl" />
    <FxCompile Include="Resources\shaders\ObjPixelShader.hlsl" />
    <FxCompile Include="Resources\shaders\ObjVertexShader.hlsl" />
    <FxCompile Include="Resources\shaders\SpritePixelShader.hlsl" />
    <FxCompile Include="Resources\shaders\SpriteVertexShader.hlsl" />
  </ItemGroup>
  <ItemGroup>
    <ClCompile Include="AudioManager.cpp" />
    <ClCompile Include="Camera.cpp" />
    <ClCompile Include="Colision.cpp" />
    <ClCompile Include="DirectX.cpp" />
    <ClCompile Include="GameBaseScene.cpp" />
    <ClCompile Include="GamePlayScene.cpp" />
    <ClCompile Include="GameSceneManager.cpp" />
    <ClCompile Include="GameTitleScene.cpp" />
    <ClCompile Include="Gridline.cpp" />
    <ClCompile Include="DrawInfo.cpp" />
    <ClCompile Include="GpPipeline.cpp" />
    <ClCompile Include="ImguiManager.cpp" />
    <ClCompile Include="Input.cpp" />
    <ClCompile Include="KEngineFramework.cpp" />
    <ClCompile Include="MagnetBlock.cpp" />
    <ClCompile Include="main.cpp" />
    <ClCompile Include="Map.cpp" />
    <ClCompile Include="Material.cpp" />
    <ClCompile Include="MathInfo.cpp" />
    <ClCompile Include="Matrix4.cpp" />
    <ClCompile Include="Model.cpp" />
    <ClCompile Include="MyGame.cpp" />
    <ClCompile Include="Object3d.cpp" />
    <ClCompile Include="Player.cpp" />
    <ClCompile Include="SceneFactory.cpp" />
    <ClCompile Include="Sphere.cpp" />
    <ClCompile Include="Sprite.cpp" />
    <ClCompile Include="SpriteManager.cpp" />
    <ClCompile Include="Texture.cpp" />
    <ClCompile Include="Transform.cpp" />
    <ClCompile Include="Util.cpp" />
    <ClCompile Include="Vector2.cpp" />
    <ClCompile Include="Vector3.cpp" />
    <ClCompile Include="Vertex.cpp" />
    <ClCompile Include="WindowsAPI.cpp" />
    <ClCompile Include="Goal.cpp" />
  </ItemGroup>
  <ItemGroup>
    <ClInclude Include="AbstractSceneFactory.h" />
    <ClInclude Include="AudioManager.h" />
    <ClInclude Include="Camera.h" />
    <ClInclude Include="Colision.h" />
    <ClInclude Include="DirectX.h" />
    <ClInclude Include="Goal.h" />
    <ClInclude Include="GameBaseScene.h" />
    <ClInclude Include="GamePlayScene.h" />
    <ClInclude Include="GameSceneManager.h" />
    <ClInclude Include="GameTitleScene.h" />
    <ClInclude Include="Gridline.h" />
    <ClInclude Include="DrawInfo.h" />
    <ClInclude Include="GpPipeline.h" />
    <ClInclude Include="ImguiManager.h" />
    <ClInclude Include="Input.h" />
    <ClInclude Include="KEngineFramework.h" />
    <ClInclude Include="MagnetBlock.h" />
    <ClInclude Include="Map.h" />
    <ClInclude Include="Material.h" />
    <ClInclude Include="MathInfo.h" />
    <ClInclude Include="Matrix4.h" />
    <ClInclude Include="Model.h" />
    <ClInclude Include="MyGame.h" />
    <ClInclude Include="Object3d.h" />
    <ClInclude Include="Player.h" />
    <ClInclude Include="SceneFactory.h" />
    <ClInclude Include="Sphere.h" />
    <ClInclude Include="Sprite.h" />
    <ClInclude Include="SpriteManager.h" />
    <ClInclude Include="Texture.h" />
    <ClInclude Include="Transform.h" />
    <ClInclude Include="Util.h" />
    <ClInclude Include="Vector2.h" />
    <ClInclude Include="Vector3.h" />
    <ClInclude Include="Vertex.h" />
    <ClInclude Include="WindowsAPI.h" />
  </ItemGroup>
  <ItemGroup>
    <None Include="Resources\shaders\Basic.hlsli" />
    <None Include="Resources\shaders\Obj.hlsli" />
    <None Include="Resources\shaders\Sprite.hlsli" />
  </ItemGroup>
</Project>